
Microsoft Visual Studio Solution File, Format Version 12.00
# Visual Studio 15
VisualStudioVersion = 15.0.27703.2035
MinimumVisualStudioVersion = 10.0.40219.1
Project("{888888A0-9F3D-457C-B088-3A5042F75D52}") = "Learning_OpenGL_Python", "Learning_OpenGL_Python\Learning_OpenGL_Python.pyproj", "{3B46EBEF-711E-4836-84BB-BFF37130C0DB}"
EndProject
Global
	GlobalSection(SolutionConfigurationPlatforms) = preSolution
		Debug|Any CPU = Debug|Any CPU
		Release|Any CPU = Release|Any CPU
	EndGlobalSection
	GlobalSection(ProjectConfigurationPlatforms) = postSolution
		{3B46EBEF-711E-4836-84BB-BFF37130C0DB}.Debug|Any CPU.ActiveCfg = Debug|Any CPU
		{3B46EBEF-711E-4836-84BB-BFF37130C0DB}.Release|Any CPU.ActiveCfg = Release|Any CPU
	EndGlobalSection
	GlobalSection(SolutionProperties) = preSolution
		HideSolutionNode = FALSE
	EndGlobalSection
	GlobalSection(ExtensibilityGlobals) = postSolution
		SolutionGuid = {CA8F1540-016E-4F7B-9F6E-0C4C7128E12E}
	EndGlobalSection
EndGlobal
